Microsoft Visual Studio Solution File, Format Version 11.00
# Visual C++ Express 2010
Project("{8BC9CEB8-8B4A-11D0-8D11-00A0C91BC942}") = "Lemures1", "Lemures1.vcxproj", "{A78C386B-686C-413A-BF45-27EF0FC5DE16}"
EndProject
Project("{8BC9CEB8-8B4A-11D0-8D11-00A0C91BC942}") = "SampleDll", "SampleDll.vcxproj", "{28426D53-E841-456A-89E9-82072E97D524}"
EndProject
Global
	GlobalSection(SolutionConfigurationPlatforms) = preSolution
		Debug|Win32 = Debug|Win32
		Release|Win32 = Release|Win32
	EndGlobalSection
	GlobalSection(ProjectConfigurationPlatforms) = postSolution
		{A78C386B-686C-413A-BF45-27EF0FC5DE16}.Debug|Win32.ActiveCfg = Debug|Win32
		{A78C386B-686C-413A-BF45-27EF0FC5DE16}.Debug|Win32.Build.0 = Debug|Win32
		{A78C386B-686C-413A-BF45-27EF0FC5DE16}.Release|Win32.ActiveCfg = Release|Win32
		{A78C386B-686C-413A-BF45-27EF0FC5DE16}.Release|Win32.Build.0 = Release|Win32
		{28426D53-E841-456A-89E9-82072E97D524}.Debug|Win32.ActiveCfg = Debug|Win32
		{28426D53-E841-456A-89E9-82072E97D524}.Debug|Win32.Build.0 = Debug|Win32
		{28426D53-E841-456A-89E9-82072E97D524}.Release|Win32.ActiveCfg = Release|Win32
		{28426D53-E841-456A-89E9-82072E97D524}.Release|Win32.Build.0 = Release|Win32
	EndGlobalSection
	GlobalSection(SolutionProperties) = preSolution
		HideSolutionNode = FALSE
	EndGlobalSection
EndGlobal
